{
  "name": "patternfly-dashboard",
  "lockfileVersion": 2,
  "requires": true,
  "packages": {
    "": {
      "dependencies": {
        "@patternfly/patternfly": "^4.206.3"
      }
    },
    "node_modules/@patternfly/patternfly": {
      "version": "4.206.3",
      "resolved": "https://registry.npmjs.org/@patternfly/patternfly/-/patternfly-4.206.3.tgz",
      "integrity": "sha512-2Ar6qaZAozyx/KBzlqqskoEf45HUZIbk668qFwYHWaTkuucYw/usoxw03OwnGCS4GgBlMf06X2uonHgQLhVT8A=="
    }
  },
  "dependencies": {
    "@patternfly/patternfly": {
      "version": "4.206.3",
      "resolved": "https://registry.npmjs.org/@patternfly/patternfly/-/patternfly-4.206.3.tgz",
      "integrity": "sha512-2Ar6qaZAozyx/KBzlqqskoEf45HUZIbk668qFwYHWaTkuucYw/usoxw03OwnGCS4GgBlMf06X2uonHgQLhVT8A=="
    }
  }
}
